
Microsoft Visual Studio Solution File, Format Version 12.00
# Visual Studio 15
VisualStudioVersion = 15.0.27004.2009
MinimumVisualStudioVersion = 10.0.40219.1
Project("{888888A0-9F3D-457C-B088-3A5042F75D52}") = "entity_linking", "entity_linking\entity_linking.pyproj", "{EE03C6A7-9634-46C8-901E-2FD0F1BF0190}"
EndProject
Global
	GlobalSection(SolutionConfigurationPlatforms) = preSolution
		Debug|Any CPU = Debug|Any CPU
		Release|Any CPU = Release|Any CPU
	EndGlobalSection
	GlobalSection(ProjectConfigurationPlatforms) = postSolution
		{EE03C6A7-9634-46C8-901E-2FD0F1BF0190}.Debug|Any CPU.ActiveCfg = Debug|Any CPU
		{EE03C6A7-9634-46C8-901E-2FD0F1BF0190}.Debug|Any CPU.Build.0 = Debug|Any CPU
		{EE03C6A7-9634-46C8-901E-2FD0F1BF0190}.Release|Any CPU.ActiveCfg = Release|Any CPU
		{EE03C6A7-9634-46C8-901E-2FD0F1BF0190}.Release|Any CPU.Build.0 = Release|Any CPU
	EndGlobalSection
	GlobalSection(SolutionProperties) = preSolution
		HideSolutionNode = FALSE
	EndGlobalSection
	GlobalSection(ExtensibilityGlobals) = postSolution
		SolutionGuid = {47B1D08B-54B1-4248-B307-7F1A12EE6932}
	EndGlobalSection
EndGlobal
